
Microsoft Visual Studio Solution File, Format Version 12.00
# Visual Studio 15
VisualStudioVersion = 15.0.27703.2042
MinimumVisualStudioVersion = 10.0.40219.1
Project("{FAE04EC0-301F-11D3-BF4B-00C04F79EFBC}") = "MusicFactory", "MusicFactory\MusicFactory.csproj", "{37067B92-F7FF-4409-86CE-C5855A620427}"
EndProject
Global
	GlobalSection(SolutionConfigurationPlatforms) = preSolution
		Debug|Any CPU = Debug|Any CPU
		Release|Any CPU = Release|Any CPU
	EndGlobalSection
	GlobalSection(ProjectConfigurationPlatforms) = postSolution
		{37067B92-F7FF-4409-86CE-C5855A620427}.Debug|Any CPU.ActiveCfg = Debug|Any CPU
		{37067B92-F7FF-4409-86CE-C5855A620427}.Debug|Any CPU.Build.0 = Debug|Any CPU
		{37067B92-F7FF-4409-86CE-C5855A620427}.Release|Any CPU.ActiveCfg = Release|Any CPU
		{37067B92-F7FF-4409-86CE-C5855A620427}.Release|Any CPU.Build.0 = Release|Any CPU
	EndGlobalSection
	GlobalSection(SolutionProperties) = preSolution
		HideSolutionNode = FALSE
	EndGlobalSection
	GlobalSection(ExtensibilityGlobals) = postSolution
		SolutionGuid = {959C4F53-C25F-4577-925A-34D13F9B8FA3}
	EndGlobalSection
EndGlobal
